// !$*UTF8*$!
{
	archiveVersion = 1;
	classes = {
	};
	objectVersion = 50;
	objects = {

/* Begin PBXBuildFile section */
		66B45B69252B419400ABCA05 /* AppDelegate.swift in Sources */ = {isa = PBXBuildFile; fileRef = 66B45B68252B419400ABCA05 /* AppDelegate.swift */; };
		66B45B6B252B419400ABCA05 /* SceneDelegate.swift in Sources */ = {isa = PBXBuildFile; fileRef = 66B45B6A252B419400ABCA05 /* SceneDelegate.swift */; };
		66B45B6D252B419400ABCA05 /* ViewController.swift in Sources */ = {isa = PBXBuildFile; fileRef = 66B45B6C252B419400ABCA05 /* ViewController.swift */; };
		66B45B70252B419400ABCA05 /* Main.storyboard in Resources */ = {isa = PBXBuildFile; fileRef = 66B45B6E252B419400ABCA05 /* Main.storyboard */; };
		66B45B72252B419700ABCA05 /* Assets.xcassets in Resources */ = {isa = PBXBuildFile; fileRef = 66B45B71252B419700ABCA05 /* Assets.xcassets */; };
		66B45B75252B419700ABCA05 /* LaunchScreen.storyboard in Resources */ = {isa = PBXBuildFile; fileRef = 66B45B73252B419700ABCA05 /* LaunchScreen.storyboard */; };
		66B45B7E252B488C00ABCA05 /* Movie.swift in Sources */ = {isa = PBXBuildFile; fileRef = 66B45B7D252B488C00ABCA05 /* Movie.swift */; };
		66B45B81252B4BCF00ABCA05 /* MovieRequest.swift in Sources */ = {isa = PBXBuildFile; fileRef = 66B45B80252B4BCF00ABCA05 /* MovieRequest.swift */; };
/* End PBXBuildFile section */

/* Begin PBXFileReference section */
		66B45B65252B419400ABCA05 /* MovieTask.app */ = {isa = PBXFileReference; explicitFileType = wrapper.application; includeInIndex = 0; path = MovieTask.app; sourceTree = BUILT_PRODUCTS_DIR; };
		66B45B68252B419400ABCA05 /* AppDelegate.swift */ = {isa = PBXFileReference; lastKnownFileType = sourcecode.swift; path = AppDelegate.swift; sourceTree = "<group>"; };
		66B45B6A252B419400ABCA05 /* SceneDelegate.swift */ = {isa = PBXFileReference; lastKnownFileType = sourcecode.swift; path = SceneDelegate.swift; sourceTree = "<group>"; };
		66B45B6C252B419400ABCA05 /* ViewController.swift */ = {isa = PBXFileReference; lastKnownFileType = sourcecode.swift; path = ViewController.swift; sourceTree = "<group>"; };
		66B45B6F252B419400ABCA05 /* Base */ = {isa = PBXFileReference; lastKnownFileType = file.storyboard; name = Base; path = Base.lproj/Main.storyboard; sourceTree = "<group>"; };
		66B45B71252B419700ABCA05 /* Assets.xcassets */ = {isa = PBXFileReference; lastKnownFileType = folder.assetcatalog; path = Assets.xcassets; sourceTree = "<group>"; };
		66B45B74252B419700ABCA05 /* Base */ = {isa = PBXFileReference; lastKnownFileType = file.storyboard; name = Base; path = Base.lproj/LaunchScreen.storyboard; sourceTree = "<group>"; };
		66B45B76252B419700ABCA05 /* Info.plist */ = {isa = PBXFileReference; lastKnownFileType = text.plist.xml; path = Info.plist; sourceTree = "<group>"; };
		66B45B7D252B488C00ABCA05 /* Movie.swift */ = {isa = PBXFileReference; lastKnownFileType = sourcecode.swift; path = Movie.swift; sourceTree = "<group>"; };
		66B45B80252B4BCF00ABCA05 /* MovieRequest.swift */ = {isa = PBXFileReference; lastKnownFileType = sourcecode.swift; path = MovieRequest.swift; sourceTree = "<group>"; };
/* End PBXFileReference section */

/* Begin PBXFrameworksBuildPhase section */
		66B45B62252B419400ABCA05 /* Frameworks */ = {
			isa = PBXFrameworksBuildPhase;
			buildActionMask = 2147483647;
			files = (
			);
			runOnlyForDeploymentPostprocessing = 0;
		};
/* End PBXFrameworksBuildPhase section */

/* Begin PBXGroup section */
		66B45B5C252B419400ABCA05 = {
			isa = PBXGroup;
			children = (
				66B45B67252B419400ABCA05 /* MovieTask */,
				66B45B66252B419400ABCA05 /* Products */,
			);
			sourceTree = "<group>";
		};
		66B45B66252B419400ABCA05 /* Products */ = {
			isa = PBXGroup;
			children = (
				66B45B65252B419400ABCA05 /* MovieTask.app */,
			);
			name = Products;
			sourceTree = "<group>";
		};
		66B45B67252B419400ABCA05 /* MovieTask */ = {
			isa = PBXGroup;
			children = (
				66B45B68252B419400ABCA05 /* AppDelegate.swift */,
				66B45B6A252B419400ABCA05 /* SceneDelegate.swift */,
				66B45B6C252B419400ABCA05 /* ViewController.swift */,
				66B45B6E252B419400ABCA05 /* Main.storyboard */,
				66B45B71252B419700ABCA05 /* Assets.xcassets */,
				66B45B73252B419700ABCA05 /* LaunchScreen.storyboard */,
				66B45B76252B419700ABCA05 /* Info.plist */,
				66B45B7D252B488C00ABCA05 /* Movie.swift */,
				66B45B80252B4BCF00ABCA05 /* MovieRequest.swift */,
			);
			path = MovieTask;
			sourceTree = "<group>";
		};
/* End PBXGroup section */

/* Begin PBXNativeTarget section */
		66B45B64252B419400ABCA05 /* MovieTask */ = {
			isa = PBXNativeTarget;
			buildConfigurationList = 66B45B79252B419700ABCA05 /* Build configuration list for PBXNativeTarget "MovieTask" */;
			buildPhases = (
				66B45B61252B419400ABCA05 /* Sources */,
				66B45B62252B419400ABCA05 /* Frameworks */,
				66B45B63252B419400ABCA05 /* Resources */,
			);
			buildRules = (
			);
			dependencies = (
			);
			name = MovieTask;
			productName = MovieTask;
			productReference = 66B45B65252B419400ABCA05 /* MovieTask.app */;
			productType = "com.apple.product-type.application";
		};
/* End PBXNativeTarget section */

/* Begin PBXProject section */
		66B45B5D252B419400ABCA05 /* Project object */ = {
			isa = PBXProject;
			attributes = {
				LastSwiftUpdateCheck = 1200;
				LastUpgradeCheck = 1200;
				TargetAttributes = {
					66B45B64252B419400ABCA05 = {
						CreatedOnToolsVersion = 12.0.1;
					};
				};
			};
			buildConfigurationList = 66B45B60252B419400ABCA05 /* Build configuration list for PBXProject "MovieTask" */;
			compatibilityVersion = "Xcode 9.3";
			developmentRegion = en;
			hasScannedForEncodings = 0;
			knownRegions = (
				en,
				Base,
			);
			mainGroup = 66B45B5C252B419400ABCA05;
			productRefGroup = 66B45B66252B419400ABCA05 /* Products */;
			projectDirPath = "";
			projectRoot = "";
			targets = (
				66B45B64252B419400ABCA05 /* MovieTask */,
			);
		};
/* End PBXProject section */

/* Begin PBXResourcesBuildPhase section */
		66B45B63252B419400ABCA05 /* Resources */ = {
			isa = PBXResourcesBuildPhase;
			buildActionMask = 2147483647;
			files = (
				66B45B75252B419700ABCA05 /* LaunchScreen.storyboard in Resources */,
				66B45B72252B419700ABCA05 /* Assets.xcassets in Resources */,
				66B45B70252B419400ABCA05 /* Main.storyboard in Resources */,
			);
			runOnlyForDeploymentPostprocessing = 0;
		};
/* End PBXResourcesBuildPhase section */

/* Begin PBXSourcesBuildPhase section */
		66B45B61252B419400ABCA05 /* Sources */ = {
			isa = PBXSourcesBuildPhase;
			buildActionMask = 2147483647;
			files = (
				66B45B81252B4BCF00ABCA05 /* MovieRequest.swift in Sources */,
				66B45B6D252B419400ABCA05 /* ViewController.swift in Sources */,
				66B45B69252B419400ABCA05 /* AppDelegate.swift in Sources */,
				66B45B7E252B488C00ABCA05 /* Movie.swift in Sources */,
				66B45B6B252B419400ABCA05 /* SceneDelegate.swift in Sources */,
			);
			runOnlyForDeploymentPostprocessing = 0;
		};
/* End PBXSourcesBuildPhase section */

/* Begin PBXVariantGroup section */
		66B45B6E252B419400ABCA05 /* Main.storyboard */ = {
			isa = PBXVariantGroup;
			children = (
				66B45B6F252B419400ABCA05 /* Base */,
			);
			name = Main.storyboard;
			sourceTree = "<group>";
		};
		66B45B73252B419700ABCA05 /* LaunchScreen.storyboard */ = {
			isa = PBXVariantGroup;
			children = (
				66B45B74252B419700ABCA05 /* Base */,
			);
			name = LaunchScreen.storyboard;
			sourceTree = "<group>";
		};
/* End PBXVariantGroup section */

/* Begin XCBuildConfiguration section */
		66B45B77252B419700ABCA05 /* Debug */ = {
			isa = XCBuildConfiguration;
			buildSettings = {
				ALWAYS_SEARCH_USER_PATHS = NO;
				CLANG_ANALYZER_NONNULL = YES;
				CLANG_ANALYZER_NUMBER_OBJECT_CONVERSION = YES_AGGRESSIVE;
				CLANG_CXX_LANGUAGE_STANDARD = "gnu++14";
				CLANG_CXX_LIBRARY = "libc++";
				CLANG_ENABLE_MODULES = YES;
				CLANG_ENABLE_OBJC_ARC = YES;
				CLANG_ENABLE_OBJC_WEAK = YES;
				CLANG_WARN_BLOCK_CAPTURE_AUTORELEASING = YES;
				CLANG_WARN_BOOL_CONVERSION = YES;
				CLANG_WARN_COMMA = YES;
				CLANG_WARN_CONSTANT_CONVERSION = YES;
				CLANG_WARN_DEPRECATED_OBJC_IMPLEMENTATIONS = YES;
				CLANG_WARN_DIRECT_OBJC_ISA_USAGE = YES_ERROR;
				CLANG_WARN_DOCUMENTATION_COMMENTS = YES;
				CLANG_WARN_EMPTY_BODY = YES;
				CLANG_WARN_ENUM_CONVERSION = YES;
				CLANG_WARN_INFINITE_RECURSION = YES;
				CLANG_WARN_INT_CONVERSION = YES;
				CLANG_WARN_NON_LITERAL_NULL_CONVERSION = YES;
				CLANG_WARN_OBJC_IMPLICIT_RETAIN_SELF = YES;
				CLANG_WARN_OBJC_LITERAL_CONVERSION = YES;
				CLANG_WARN_OBJC_ROOT_CLASS = YES_ERROR;
				CLANG_WARN_QUOTED_INCLUDE_IN_FRAMEWORK_HEADER = YES;
				CLANG_WARN_RANGE_LOOP_ANALYSIS = YES;
				CLANG_WARN_STRICT_PROTOTYPES = YES;
				CLANG_WARN_SUSPICIOUS_MOVE = YES;
				CLANG_WARN_UNGUARDED_AVAILABILITY = YES_AGGRESSIVE;
				CLANG_WARN_UNREACHABLE_CODE = YES;
				CLANG_WARN__DUPLICATE_METHOD_MATCH = YES;
				COPY_PHASE_STRIP = NO;
				DEBUG_INFORMATION_FORMAT = dwarf;
				ENABLE_STRICT_OBJC_MSGSEND = YES;
				ENABLE_TESTABILITY = YES;
				GCC_C_LANGUAGE_STANDARD = gnu11;
				GCC_DYNAMIC_NO_PIC = NO;
				GCC_NO_COMMON_BLOCKS = YES;
				GCC_OPTIMIZATION_LEVEL = 0;
				GCC_PREPROCESSOR_DEFINITIONS = (
					"DEBUG=1",
					"$(inherited)",
				);
				GCC_WARN_64_TO_32_BIT_CONVERSION = YES;
				GCC_WARN_ABOUT_RETURN_TYPE = YES_ERROR;
				GCC_WARN_UNDECLARED_SELECTOR = YES;
				GCC_WARN_UNINITIALIZED_AUTOS = YES_AGGRESSIVE;
				GCC_WARN_UNUSED_FUNCTION = YES;
				GCC_WARN_UNUSED_VARIABLE = YES;
				IPHONEOS_DEPLOYMENT_TARGET = 14.0;
				MTL_ENABLE_DEBUG_INFO = INCLUDE_SOURCE;
				MTL_FAST_MATH = YES;
				ONLY_ACTIVE_ARCH = YES;
				SDKROOT = iphoneos;
				SWIFT_ACTIVE_COMPILATION_CONDITIONS = DEBUG;
				SWIFT_OPTIMIZATION_LEVEL = "-Onone";
			};
			name = Debug;
		};
		66B45B78252B419700ABCA05 /* Release */ = {
			isa = XCBuildConfiguration;
			buildSettings = {
				ALWAYS_SEARCH_USER_PATHS = NO;
				CLANG_ANALYZER_NONNULL = YES;
				CLANG_ANALYZER_NUMBER_OBJECT_CONVERSION = YES_AGGRESSIVE;
				CLANG_CXX_LANGUAGE_STANDARD = "gnu++14";
				CLANG_CXX_LIBRARY = "libc++";
				CLANG_ENABLE_MODULES = YES;
				CLANG_ENABLE_OBJC_ARC = YES;
				CLANG_ENABLE_OBJC_WEAK = YES;
				CLANG_WARN_BLOCK_CAPTURE_AUTORELEASING = YES;
				CLANG_WARN_BOOL_CONVERSION = YES;
				CLANG_WARN_COMMA = YES;
				CLANG_WARN_CONSTANT_CONVERSION = YES;
				CLANG_WARN_DEPRECATED_OBJC_IMPLEMENTATIONS = YES;
				CLANG_WARN_DIRECT_OBJC_ISA_USAGE = YES_ERROR;
				CLANG_WARN_DOCUMENTATION_COMMENTS = YES;
				CLANG_WARN_EMPTY_BODY = YES;
				CLANG_WARN_ENUM_CONVERSION = YES;
				CLANG_WARN_INFINITE_RECURSION = YES;
				CLANG_WARN_INT_CONVERSION = YES;
				CLANG_WARN_NON_LITERAL_NULL_CONVERSION = YES;
				CLANG_WARN_OBJC_IMPLICIT_RETAIN_SELF = YES;
				CLANG_WARN_OBJC_LITERAL_CONVERSION = YES;
				CLANG_WARN_OBJC_ROOT_CLASS = YES_ERROR;
				CLANG_WARN_QUOTED_INCLUDE_IN_FRAMEWORK_HEADER = YES;
				CLANG_WARN_RANGE_LOOP_ANALYSIS = YES;
				CLANG_WARN_STRICT_PROTOTYPES = YES;
				CLANG_WARN_SUSPICIOUS_MOVE = YES;
				CLANG_WARN_UNGUARDED_AVAILABILITY = YES_AGGRESSIVE;
				CLANG_WARN_UNREACHABLE_CODE = YES;
				CLANG_WARN__DUPLICATE_METHOD_MATCH = YES;
				COPY_PHASE_STRIP = NO;
				DEBUG_INFORMATION_FORMAT = "dwarf-with-dsym";
				ENABLE_NS_ASSERTIONS = NO;
				ENABLE_STRICT_OBJC_MSGSEND = YES;
				GCC_C_LANGUAGE_STANDARD = gnu11;
				GCC_NO_COMMON_BLOCKS = YES;
				GCC_WARN_64_TO_32_BIT_CONVERSION = YES;
				GCC_WARN_ABOUT_RETURN_TYPE = YES_ERROR;
				GCC_WARN_UNDECLARED_SELECTOR = YES;
				GCC_WARN_UNINITIALIZED_AUTOS = YES_AGGRESSIVE;
				GCC_WARN_UNUSED_FUNCTION = YES;
				GCC_WARN_UNUSED_VARIABLE = YES;
				IPHONEOS_DEPLOYMENT_TARGET = 14.0;
				MTL_ENABLE_DEBUG_INFO = NO;
				MTL_FAST_MATH = YES;
				SDKROOT = iphoneos;
				SWIFT_COMPILATION_MODE = wholemodule;
				SWIFT_OPTIMIZATION_LEVEL = "-O";
				VALIDATE_PRODUCT = YES;
			};
			name = Release;
		};
		66B45B7A252B419700ABCA05 /* Debug */ = {
			isa = XCBuildConfiguration;
			buildSettings = {
				ASSETCATALOG_COMPILER_APPICON_NAME = AppIcon;
				ASSETCATALOG_COMPILER_GLOBAL_ACCENT_COLOR_NAME = AccentColor;
				CODE_SIGN_STYLE = Automatic;
				INFOPLIST_FILE = MovieTask/Info.plist;
				LD_RUNPATH_SEARCH_PATHS = (
					"$(inherited)",
					"@executable_path/Frameworks",
				);
				PRODUCT_BUNDLE_IDENTIFIER = Vedran.MovieTask;
				PRODUCT_NAME = "$(TARGET_NAME)";
				SWIFT_VERSION = 5.0;
				TARGETED_DEVICE_FAMILY = "1,2";
			};
			name = Debug;
		};
		66B45B7B252B419700ABCA05 /* Release */ = {
			isa = XCBuildConfiguration;
			buildSettings = {
				ASSETCATALOG_COMPILER_APPICON_NAME = AppIcon;
				ASSETCATALOG_COMPILER_GLOBAL_ACCENT_COLOR_NAME = AccentColor;
				CODE_SIGN_STYLE = Automatic;
				INFOPLIST_FILE = MovieTask/Info.plist;
				LD_RUNPATH_SEARCH_PATHS = (
					"$(inherited)",
					"@executable_path/Frameworks",
				);
				PRODUCT_BUNDLE_IDENTIFIER = Vedran.MovieTask;
				PRODUCT_NAME = "$(TARGET_NAME)";
				SWIFT_VERSION = 5.0;
				TARGETED_DEVICE_FAMILY = "1,2";
			};
			name = Release;
		};
/* End XCBuildConfiguration section */

/* Begin XCConfigurationList section */
		66B45B60252B419400ABCA05 /* Build configuration list for PBXProject "MovieTask" */ = {
			isa = XCConfigurationList;
			buildConfigurations = (
				66B45B77252B419700ABCA05 /* Debug */,
				66B45B78252B419700ABCA05 /* Release */,
			);
			defaultConfigurationIsVisible = 0;
			defaultConfigurationName = Release;
		};
		66B45B79252B419700ABCA05 /* Build configuration list for PBXNativeTarget "MovieTask" */ = {
			isa = XCConfigurationList;
			buildConfigurations = (
				66B45B7A252B419700ABCA05 /* Debug */,
				66B45B7B252B419700ABCA05 /* Release */,
			);
			defaultConfigurationIsVisible = 0;
			defaultConfigurationName = Release;
		};
/* End XCConfigurationList section */
	};
	rootObject = 66B45B5D252B419400ABCA05 /* Project object */;
}
